
Microsoft Visual Studio Solution File, Format Version 12.00
# Visual Studio Version 16
VisualStudioVersion = 16.0.32106.194
MinimumVisualStudioVersion = 10.0.40219.1
Project("{FAE04EC0-301F-11D3-BF4B-00C04F79EFBC}") = "bowling_bootstrap", "bowling_bootstrap.csproj", "{C90BC97E-FEA6-4940-AFC9-ADE14B173401}"
EndProject
Global
	GlobalSection(SolutionConfigurationPlatforms) = preSolution
		Debug|Any CPU = Debug|Any CPU
		Release|Any CPU = Release|Any CPU
	EndGlobalSection
	GlobalSection(ProjectConfigurationPlatforms) = postSolution
		{C90BC97E-FEA6-4940-AFC9-ADE14B173401}.Debug|Any CPU.ActiveCfg = Debug|Any CPU
		{C90BC97E-FEA6-4940-AFC9-ADE14B173401}.Debug|Any CPU.Build.0 = Debug|Any CPU
		{C90BC97E-FEA6-4940-AFC9-ADE14B173401}.Release|Any CPU.ActiveCfg = Release|Any CPU
		{C90BC97E-FEA6-4940-AFC9-ADE14B173401}.Release|Any CPU.Build.0 = Release|Any CPU
	EndGlobalSection
	GlobalSection(SolutionProperties) = preSolution
		HideSolutionNode = FALSE
	EndGlobalSection
	GlobalSection(ExtensibilityGlobals) = postSolution
		SolutionGuid = {F178F16F-94EA-48D4-ADF6-E2E4EB29FF93}
	EndGlobalSection
EndGlobal
